// !$*UTF8*$!
{
	archiveVersion = 1;
	classes = {
	};
	objectVersion = 50;
	objects = {

/* Begin PBXBuildFile section */
		A451967D22CCAADB00FF73DE /* AppDelegate.swift in Sources */ = {isa = PBXBuildFile; fileRef = A451967C22CCAADB00FF73DE /* AppDelegate.swift */; };
		A451967F22CCAADB00FF73DE /* ViewController.swift in Sources */ = {isa = PBXBuildFile; fileRef = A451967E22CCAADB00FF73DE /* ViewController.swift */; };
		A451968222CCAADB00FF73DE /* Main.storyboard in Resources */ = {isa = PBXBuildFile; fileRef = A451968022CCAADB00FF73DE /* Main.storyboard */; };
		A451968422CCAADD00FF73DE /* Assets.xcassets in Resources */ = {isa = PBXBuildFile; fileRef = A451968322CCAADD00FF73DE /* Assets.xcassets */; };
		A451968722CCAADD00FF73DE /* LaunchScreen.storyboard in Resources */ = {isa = PBXBuildFile; fileRef = A451968522CCAADD00FF73DE /* LaunchScreen.storyboard */; };
		A451969322CCAFCF00FF73DE /* PinImageCell.swift in Sources */ = {isa = PBXBuildFile; fileRef = A451969222CCAFCF00FF73DE /* PinImageCell.swift */; };
		A467365922CE34D600B9CF96 /* swiftyget.framework in Frameworks */ = {isa = PBXBuildFile; fileRef = A451969522CCAFFA00FF73DE /* swiftyget.framework */; };
		A467365A22CE34D600B9CF96 /* swiftyget.framework in Embed Frameworks */ = {isa = PBXBuildFile; fileRef = A451969522CCAFFA00FF73DE /* swiftyget.framework */; settings = {ATTRIBUTES = (CodeSignOnCopy, RemoveHeadersOnCopy, ); }; };
/* End PBXBuildFile section */

/* Begin PBXCopyFilesBuildPhase section */
		A467365B22CE34D600B9CF96 /* Embed Frameworks */ = {
			isa = PBXCopyFilesBuildPhase;
			buildActionMask = 2147483647;
			dstPath = "";
			dstSubfolderSpec = 10;
			files = (
				A467365A22CE34D600B9CF96 /* swiftyget.framework in Embed Frameworks */,
			);
			name = "Embed Frameworks";
			runOnlyForDeploymentPostprocessing = 0;
		};
/* End PBXCopyFilesBuildPhase section */

/* Begin PBXFileReference section */
		A451967922CCAADB00FF73DE /* SwiftyGetDemo.app */ = {isa = PBXFileReference; explicitFileType = wrapper.application; includeInIndex = 0; path = SwiftyGetDemo.app; sourceTree = BUILT_PRODUCTS_DIR; };
		A451967C22CCAADB00FF73DE /* AppDelegate.swift */ = {isa = PBXFileReference; lastKnownFileType = sourcecode.swift; path = AppDelegate.swift; sourceTree = "<group>"; };
		A451967E22CCAADB00FF73DE /* ViewController.swift */ = {isa = PBXFileReference; lastKnownFileType = sourcecode.swift; path = ViewController.swift; sourceTree = "<group>"; };
		A451968122CCAADB00FF73DE /* Base */ = {isa = PBXFileReference; lastKnownFileType = file.storyboard; name = Base; path = Base.lproj/Main.storyboard; sourceTree = "<group>"; };
		A451968322CCAADD00FF73DE /* Assets.xcassets */ = {isa = PBXFileReference; lastKnownFileType = folder.assetcatalog; path = Assets.xcassets; sourceTree = "<group>"; };
		A451968622CCAADD00FF73DE /* Base */ = {isa = PBXFileReference; lastKnownFileType = file.storyboard; name = Base; path = Base.lproj/LaunchScreen.storyboard; sourceTree = "<group>"; };
		A451968822CCAADD00FF73DE /* Info.plist */ = {isa = PBXFileReference; lastKnownFileType = text.plist.xml; path = Info.plist; sourceTree = "<group>"; };
		A451969222CCAFCF00FF73DE /* PinImageCell.swift */ = {isa = PBXFileReference; lastKnownFileType = sourcecode.swift; path = PinImageCell.swift; sourceTree = "<group>"; };
		A451969522CCAFFA00FF73DE /* swiftyget.framework */ = {isa = PBXFileReference; explicitFileType = wrapper.framework; path = swiftyget.framework; sourceTree = BUILT_PRODUCTS_DIR; };
/* End PBXFileReference section */

/* Begin PBXFrameworksBuildPhase section */
		A451967622CCAADB00FF73DE /* Frameworks */ = {
			isa = PBXFrameworksBuildPhase;
			buildActionMask = 2147483647;
			files = (
				A467365922CE34D600B9CF96 /* swiftyget.framework in Frameworks */,
			);
			runOnlyForDeploymentPostprocessing = 0;
		};
/* End PBXFrameworksBuildPhase section */

/* Begin PBXGroup section */
		A451967022CCAADB00FF73DE = {
			isa = PBXGroup;
			children = (
				A451967B22CCAADB00FF73DE /* SwiftyGetDemo */,
				A451967A22CCAADB00FF73DE /* Products */,
				A451969422CCAFFA00FF73DE /* Frameworks */,
			);
			sourceTree = "<group>";
		};
		A451967A22CCAADB00FF73DE /* Products */ = {
			isa = PBXGroup;
			children = (
				A451967922CCAADB00FF73DE /* SwiftyGetDemo.app */,
			);
			name = Products;
			sourceTree = "<group>";
		};
		A451967B22CCAADB00FF73DE /* SwiftyGetDemo */ = {
			isa = PBXGroup;
			children = (
				A451967C22CCAADB00FF73DE /* AppDelegate.swift */,
				A451967E22CCAADB00FF73DE /* ViewController.swift */,
				A451968022CCAADB00FF73DE /* Main.storyboard */,
				A451968322CCAADD00FF73DE /* Assets.xcassets */,
				A451968522CCAADD00FF73DE /* LaunchScreen.storyboard */,
				A451968822CCAADD00FF73DE /* Info.plist */,
				A451969222CCAFCF00FF73DE /* PinImageCell.swift */,
			);
			path = SwiftyGetDemo;
			sourceTree = "<group>";
		};
		A451969422CCAFFA00FF73DE /* Frameworks */ = {
			isa = PBXGroup;
			children = (
				A451969522CCAFFA00FF73DE /* swiftyget.framework */,
			);
			name = Frameworks;
			sourceTree = "<group>";
		};
/* End PBXGroup section */

/* Begin PBXNativeTarget section */
		A451967822CCAADB00FF73DE /* SwiftyGetDemo */ = {
			isa = PBXNativeTarget;
			buildConfigurationList = A451968B22CCAADD00FF73DE /* Build configuration list for PBXNativeTarget "SwiftyGetDemo" */;
			buildPhases = (
				A451967522CCAADB00FF73DE /* Sources */,
				A451967622CCAADB00FF73DE /* Frameworks */,
				A451967722CCAADB00FF73DE /* Resources */,
				A467365B22CE34D600B9CF96 /* Embed Frameworks */,
			);
			buildRules = (
			);
			dependencies = (
			);
			name = SwiftyGetDemo;
			productName = SwiftyGetDemo;
			productReference = A451967922CCAADB00FF73DE /* SwiftyGetDemo.app */;
			productType = "com.apple.product-type.application";
		};
/* End PBXNativeTarget section */

/* Begin PBXProject section */
		A451967122CCAADB00FF73DE /* Project object */ = {
			isa = PBXProject;
			attributes = {
				LastSwiftUpdateCheck = 1020;
				LastUpgradeCheck = 1020;
				ORGANIZATIONNAME = "Nik Rodionov";
				TargetAttributes = {
					A451967822CCAADB00FF73DE = {
						CreatedOnToolsVersion = 10.2.1;
					};
				};
			};
			buildConfigurationList = A451967422CCAADB00FF73DE /* Build configuration list for PBXProject "SwiftyGetDemo" */;
			compatibilityVersion = "Xcode 9.3";
			developmentRegion = en;
			hasScannedForEncodings = 0;
			knownRegions = (
				en,
				Base,
			);
			mainGroup = A451967022CCAADB00FF73DE;
			productRefGroup = A451967A22CCAADB00FF73DE /* Products */;
			projectDirPath = "";
			projectRoot = "";
			targets = (
				A451967822CCAADB00FF73DE /* SwiftyGetDemo */,
			);
		};
/* End PBXProject section */

/* Begin PBXResourcesBuildPhase section */
		A451967722CCAADB00FF73DE /* Resources */ = {
			isa = PBXResourcesBuildPhase;
			buildActionMask = 2147483647;
			files = (
				A451968722CCAADD00FF73DE /* LaunchScreen.storyboard in Resources */,
				A451968422CCAADD00FF73DE /* Assets.xcassets in Resources */,
				A451968222CCAADB00FF73DE /* Main.storyboard in Resources */,
			);
			runOnlyForDeploymentPostprocessing = 0;
		};
/* End PBXResourcesBuildPhase section */

/* Begin PBXSourcesBuildPhase section */
		A451967522CCAADB00FF73DE /* Sources */ = {
			isa = PBXSourcesBuildPhase;
			buildActionMask = 2147483647;
			files = (
				A451967F22CCAADB00FF73DE /* ViewController.swift in Sources */,
				A451969322CCAFCF00FF73DE /* PinImageCell.swift in Sources */,
				A451967D22CCAADB00FF73DE /* AppDelegate.swift in Sources */,
			);
			runOnlyForDeploymentPostprocessing = 0;
		};
/* End PBXSourcesBuildPhase section */

/* Begin PBXVariantGroup section */
		A451968022CCAADB00FF73DE /* Main.storyboard */ = {
			isa = PBXVariantGroup;
			children = (
				A451968122CCAADB00FF73DE /* Base */,
			);
			name = Main.storyboard;
			sourceTree = "<group>";
		};
		A451968522CCAADD00FF73DE /* LaunchScreen.storyboard */ = {
			isa = PBXVariantGroup;
			children = (
				A451968622CCAADD00FF73DE /* Base */,
			);
			name = LaunchScreen.storyboard;
			sourceTree = "<group>";
		};
/* End PBXVariantGroup section */

/* Begin XCBuildConfiguration section */
		A451968922CCAADD00FF73DE /* Debug */ = {
			isa = XCBuildConfiguration;
			buildSettings = {
				ALWAYS_SEARCH_USER_PATHS = NO;
				CLANG_ANALYZER_NONNULL = YES;
				CLANG_ANALYZER_NUMBER_OBJECT_CONVERSION = YES_AGGRESSIVE;
				CLANG_CXX_LANGUAGE_STANDARD = "gnu++14";
				CLANG_CXX_LIBRARY = "libc++";
				CLANG_ENABLE_MODULES = YES;
				CLANG_ENABLE_OBJC_ARC = YES;
				CLANG_ENABLE_OBJC_WEAK = YES;
				CLANG_WARN_BLOCK_CAPTURE_AUTORELEASING = YES;
				CLANG_WARN_BOOL_CONVERSION = YES;
				CLANG_WARN_COMMA = YES;
				CLANG_WARN_CONSTANT_CONVERSION = YES;
				CLANG_WARN_DEPRECATED_OBJC_IMPLEMENTATIONS = YES;
				CLANG_WARN_DIRECT_OBJC_ISA_USAGE = YES_ERROR;
				CLANG_WARN_DOCUMENTATION_COMMENTS = YES;
				CLANG_WARN_EMPTY_BODY = YES;
				CLANG_WARN_ENUM_CONVERSION = YES;
				CLANG_WARN_INFINITE_RECURSION = YES;
				CLANG_WARN_INT_CONVERSION = YES;
				CLANG_WARN_NON_LITERAL_NULL_CONVERSION = YES;
				CLANG_WARN_OBJC_IMPLICIT_RETAIN_SELF = YES;
				CLANG_WARN_OBJC_LITERAL_CONVERSION = YES;
				CLANG_WARN_OBJC_ROOT_CLASS = YES_ERROR;
				CLANG_WARN_RANGE_LOOP_ANALYSIS = YES;
				CLANG_WARN_STRICT_PROTOTYPES = YES;
				CLANG_WARN_SUSPICIOUS_MOVE = YES;
				CLANG_WARN_UNGUARDED_AVAILABILITY = YES_AGGRESSIVE;
				CLANG_WARN_UNREACHABLE_CODE = YES;
				CLANG_WARN__DUPLICATE_METHOD_MATCH = YES;
				CODE_SIGN_IDENTITY = "iPhone Developer";
				COPY_PHASE_STRIP = NO;
				DEBUG_INFORMATION_FORMAT = dwarf;
				ENABLE_STRICT_OBJC_MSGSEND = YES;
				ENABLE_TESTABILITY = YES;
				GCC_C_LANGUAGE_STANDARD = gnu11;
				GCC_DYNAMIC_NO_PIC = NO;
				GCC_NO_COMMON_BLOCKS = YES;
				GCC_OPTIMIZATION_LEVEL = 0;
				GCC_PREPROCESSOR_DEFINITIONS = (
					"DEBUG=1",
					"$(inherited)",
				);
				GCC_WARN_64_TO_32_BIT_CONVERSION = YES;
				GCC_WARN_ABOUT_RETURN_TYPE = YES_ERROR;
				GCC_WARN_UNDECLARED_SELECTOR = YES;
				GCC_WARN_UNINITIALIZED_AUTOS = YES_AGGRESSIVE;
				GCC_WARN_UNUSED_FUNCTION = YES;
				GCC_WARN_UNUSED_VARIABLE = YES;
				IPHONEOS_DEPLOYMENT_TARGET = 12.2;
				MTL_ENABLE_DEBUG_INFO = INCLUDE_SOURCE;
				MTL_FAST_MATH = YES;
				ONLY_ACTIVE_ARCH = YES;
				SDKROOT = iphoneos;
				SWIFT_ACTIVE_COMPILATION_CONDITIONS = DEBUG;
				SWIFT_OPTIMIZATION_LEVEL = "-Onone";
			};
			name = Debug;
		};
		A451968A22CCAADD00FF73DE /* Release */ = {
			isa = XCBuildConfiguration;
			buildSettings = {
				ALWAYS_SEARCH_USER_PATHS = NO;
				CLANG_ANALYZER_NONNULL = YES;
				CLANG_ANALYZER_NUMBER_OBJECT_CONVERSION = YES_AGGRESSIVE;
				CLANG_CXX_LANGUAGE_STANDARD = "gnu++14";
				CLANG_CXX_LIBRARY = "libc++";
				CLANG_ENABLE_MODULES = YES;
				CLANG_ENABLE_OBJC_ARC = YES;
				CLANG_ENABLE_OBJC_WEAK = YES;
				CLANG_WARN_BLOCK_CAPTURE_AUTORELEASING = YES;
				CLANG_WARN_BOOL_CONVERSION = YES;
				CLANG_WARN_COMMA = YES;
				CLANG_WARN_CONSTANT_CONVERSION = YES;
				CLANG_WARN_DEPRECATED_OBJC_IMPLEMENTATIONS = YES;
				CLANG_WARN_DIRECT_OBJC_ISA_USAGE = YES_ERROR;
				CLANG_WARN_DOCUMENTATION_COMMENTS = YES;
				CLANG_WARN_EMPTY_BODY = YES;
				CLANG_WARN_ENUM_CONVERSION = YES;
				CLANG_WARN_INFINITE_RECURSION = YES;
				CLANG_WARN_INT_CONVERSION = YES;
				CLANG_WARN_NON_LITERAL_NULL_CONVERSION = YES;
				CLANG_WARN_OBJC_IMPLICIT_RETAIN_SELF = YES;
				CLANG_WARN_OBJC_LITERAL_CONVERSION = YES;
				CLANG_WARN_OBJC_ROOT_CLASS = YES_ERROR;
				CLANG_WARN_RANGE_LOOP_ANALYSIS = YES;
				CLANG_WARN_STRICT_PROTOTYPES = YES;
				CLANG_WARN_SUSPICIOUS_MOVE = YES;
				CLANG_WARN_UNGUARDED_AVAILABILITY = YES_AGGRESSIVE;
				CLANG_WARN_UNREACHABLE_CODE = YES;
				CLANG_WARN__DUPLICATE_METHOD_MATCH = YES;
				CODE_SIGN_IDENTITY = "iPhone Developer";
				COPY_PHASE_STRIP = NO;
				DEBUG_INFORMATION_FORMAT = "dwarf-with-dsym";
				ENABLE_NS_ASSERTIONS = NO;
				ENABLE_STRICT_OBJC_MSGSEND = YES;
				GCC_C_LANGUAGE_STANDARD = gnu11;
				GCC_NO_COMMON_BLOCKS = YES;
				GCC_WARN_64_TO_32_BIT_CONVERSION = YES;
				GCC_WARN_ABOUT_RETURN_TYPE = YES_ERROR;
				GCC_WARN_UNDECLARED_SELECTOR = YES;
				GCC_WARN_UNINITIALIZED_AUTOS = YES_AGGRESSIVE;
				GCC_WARN_UNUSED_FUNCTION = YES;
				GCC_WARN_UNUSED_VARIABLE = YES;
				IPHONEOS_DEPLOYMENT_TARGET = 12.2;
				MTL_ENABLE_DEBUG_INFO = NO;
				MTL_FAST_MATH = YES;
				SDKROOT = iphoneos;
				SWIFT_COMPILATION_MODE = wholemodule;
				SWIFT_OPTIMIZATION_LEVEL = "-O";
				VALIDATE_PRODUCT = YES;
			};
			name = Release;
		};
		A451968C22CCAADD00FF73DE /* Debug */ = {
			isa = XCBuildConfiguration;
			buildSettings = {
				ASSETCATALOG_COMPILER_APPICON_NAME = AppIcon;
				CODE_SIGN_STYLE = Manual;
				DEVELOPMENT_TEAM = "";
				INFOPLIST_FILE = SwiftyGetDemo/Info.plist;
				LD_RUNPATH_SEARCH_PATHS = (
					"$(inherited)",
					"@executable_path/Frameworks",
				);
				PRODUCT_BUNDLE_IDENTIFIER = com.narodionov.SwiftyGetDemo;
				PRODUCT_NAME = "$(TARGET_NAME)";
				PROVISIONING_PROFILE_SPECIFIER = "";
				SWIFT_VERSION = 5.0;
				TARGETED_DEVICE_FAMILY = "1,2";
			};
			name = Debug;
		};
		A451968D22CCAADD00FF73DE /* Release */ = {
			isa = XCBuildConfiguration;
			buildSettings = {
				ASSETCATALOG_COMPILER_APPICON_NAME = AppIcon;
				CODE_SIGN_STYLE = Manual;
				DEVELOPMENT_TEAM = "";
				INFOPLIST_FILE = SwiftyGetDemo/Info.plist;
				LD_RUNPATH_SEARCH_PATHS = (
					"$(inherited)",
					"@executable_path/Frameworks",
				);
				PRODUCT_BUNDLE_IDENTIFIER = com.narodionov.SwiftyGetDemo;
				PRODUCT_NAME = "$(TARGET_NAME)";
				PROVISIONING_PROFILE_SPECIFIER = "";
				SWIFT_VERSION = 5.0;
				TARGETED_DEVICE_FAMILY = "1,2";
			};
			name = Release;
		};
/* End XCBuildConfiguration section */

/* Begin XCConfigurationList section */
		A451967422CCAADB00FF73DE /* Build configuration list for PBXProject "SwiftyGetDemo" */ = {
			isa = XCConfigurationList;
			buildConfigurations = (
				A451968922CCAADD00FF73DE /* Debug */,
				A451968A22CCAADD00FF73DE /* Release */,
			);
			defaultConfigurationIsVisible = 0;
			defaultConfigurationName = Release;
		};
		A451968B22CCAADD00FF73DE /* Build configuration list for PBXNativeTarget "SwiftyGetDemo" */ = {
			isa = XCConfigurationList;
			buildConfigurations = (
				A451968C22CCAADD00FF73DE /* Debug */,
				A451968D22CCAADD00FF73DE /* Release */,
			);
			defaultConfigurationIsVisible = 0;
			defaultConfigurationName = Release;
		};
/* End XCConfigurationList section */
	};
	rootObject = A451967122CCAADB00FF73DE /* Project object */;
}
